// !$*UTF8*$!
{
	archiveVersion = 1;
	classes = {
	};
	objectVersion = 56;
	objects = {

/* Begin PBXBuildFile section */
		98BDEBDB29E68BE800F8C854 /* ar_memory_leak_testApp.swift in Sources */ = {isa = PBXBuildFile; fileRef = 98BDEBDA29E68BE800F8C854 /* ar_memory_leak_testApp.swift */; };
		98BDEBDD29E68BE800F8C854 /* ContentView.swift in Sources */ = {isa = PBXBuildFile; fileRef = 98BDEBDC29E68BE800F8C854 /* ContentView.swift */; };
		98BDEBDF29E68BE900F8C854 /* Assets.xcassets in Resources */ = {isa = PBXBuildFile; fileRef = 98BDEBDE29E68BE900F8C854 /* Assets.xcassets */; };
		98BDEC0629E68C2500F8C854 /* AnchorViewController.swift in Sources */ = {isa = PBXBuildFile; fileRef = 98BDEC0529E68C2500F8C854 /* AnchorViewController.swift */; };
		98BDEC0829E68CBF00F8C854 /* AnchorView.swift in Sources */ = {isa = PBXBuildFile; fileRef = 98BDEC0729E68CBF00F8C854 /* AnchorView.swift */; };
		98BDEC0D29E6A4DB00F8C854 /* SwiftUIARCardView.swift in Sources */ = {isa = PBXBuildFile; fileRef = 98BDEC0C29E6A4DB00F8C854 /* SwiftUIARCardView.swift */; };
/* End PBXBuildFile section */

/* Begin PBXFileReference section */
		98BDEBD729E68BE800F8C854 /* ar_memory_leak_test.app */ = {isa = PBXFileReference; explicitFileType = wrapper.application; includeInIndex = 0; path = ar_memory_leak_test.app; sourceTree = BUILT_PRODUCTS_DIR; };
		98BDEBDA29E68BE800F8C854 /* ar_memory_leak_testApp.swift */ = {isa = PBXFileReference; lastKnownFileType = sourcecode.swift; path = ar_memory_leak_testApp.swift; sourceTree = "<group>"; };
		98BDEBDC29E68BE800F8C854 /* ContentView.swift */ = {isa = PBXFileReference; lastKnownFileType = sourcecode.swift; path = ContentView.swift; sourceTree = "<group>"; };
		98BDEBDE29E68BE900F8C854 /* Assets.xcassets */ = {isa = PBXFileReference; lastKnownFileType = folder.assetcatalog; path = Assets.xcassets; sourceTree = "<group>"; };
		98BDEBE029E68BE900F8C854 /* ar_memory_leak_test.entitlements */ = {isa = PBXFileReference; lastKnownFileType = text.plist.entitlements; path = ar_memory_leak_test.entitlements; sourceTree = "<group>"; };
		98BDEC0529E68C2500F8C854 /* AnchorViewController.swift */ = {isa = PBXFileReference; lastKnownFileType = sourcecode.swift; path = AnchorViewController.swift; sourceTree = "<group>"; };
		98BDEC0729E68CBF00F8C854 /* AnchorView.swift */ = {isa = PBXFileReference; lastKnownFileType = sourcecode.swift; path = AnchorView.swift; sourceTree = "<group>"; };
		98BDEC0B29E6944A00F8C854 /* ar-memory-leak-test-Info.plist */ = {isa = PBXFileReference; lastKnownFileType = text.plist; path = "ar-memory-leak-test-Info.plist"; sourceTree = SOURCE_ROOT; };
		98BDEC0C29E6A4DB00F8C854 /* SwiftUIARCardView.swift */ = {isa = PBXFileReference; lastKnownFileType = sourcecode.swift; path = SwiftUIARCardView.swift; sourceTree = "<group>"; };
/* End PBXFileReference section */

/* Begin PBXFrameworksBuildPhase section */
		98BDEBD429E68BE800F8C854 /* Frameworks */ = {
			isa = PBXFrameworksBuildPhase;
			buildActionMask = 2147483647;
			files = (
			);
			runOnlyForDeploymentPostprocessing = 0;
		};
/* End PBXFrameworksBuildPhase section */

/* Begin PBXGroup section */
		98BDEBCE29E68BE800F8C854 = {
			isa = PBXGroup;
			children = (
				98BDEBD929E68BE800F8C854 /* ar_memory_leak_test */,
				98BDEBD829E68BE800F8C854 /* Products */,
			);
			sourceTree = "<group>";
		};
		98BDEBD829E68BE800F8C854 /* Products */ = {
			isa = PBXGroup;
			children = (
				98BDEBD729E68BE800F8C854 /* ar_memory_leak_test.app */,
			);
			name = Products;
			sourceTree = "<group>";
		};
		98BDEBD929E68BE800F8C854 /* ar_memory_leak_test */ = {
			isa = PBXGroup;
			children = (
				98BDEC0B29E6944A00F8C854 /* ar-memory-leak-test-Info.plist */,
				98BDEBDA29E68BE800F8C854 /* ar_memory_leak_testApp.swift */,
				98BDEBDC29E68BE800F8C854 /* ContentView.swift */,
				98BDEBDE29E68BE900F8C854 /* Assets.xcassets */,
				98BDEBE029E68BE900F8C854 /* ar_memory_leak_test.entitlements */,
				98BDEC0529E68C2500F8C854 /* AnchorViewController.swift */,
				98BDEC0729E68CBF00F8C854 /* AnchorView.swift */,
				98BDEC0C29E6A4DB00F8C854 /* SwiftUIARCardView.swift */,
			);
			path = ar_memory_leak_test;
			sourceTree = "<group>";
		};
/* End PBXGroup section */

/* Begin PBXNativeTarget section */
		98BDEBD629E68BE800F8C854 /* ar_memory_leak_test */ = {
			isa = PBXNativeTarget;
			buildConfigurationList = 98BDEBFC29E68BE900F8C854 /* Build configuration list for PBXNativeTarget "ar_memory_leak_test" */;
			buildPhases = (
				98BDEBD329E68BE800F8C854 /* Sources */,
				98BDEBD429E68BE800F8C854 /* Frameworks */,
				98BDEBD529E68BE800F8C854 /* Resources */,
			);
			buildRules = (
			);
			dependencies = (
			);
			name = ar_memory_leak_test;
			productName = ar_memory_leak_test;
			productReference = 98BDEBD729E68BE800F8C854 /* ar_memory_leak_test.app */;
			productType = "com.apple.product-type.application";
		};
/* End PBXNativeTarget section */

/* Begin PBXProject section */
		98BDEBCF29E68BE800F8C854 /* Project object */ = {
			isa = PBXProject;
			attributes = {
				BuildIndependentTargetsInParallel = 1;
				LastSwiftUpdateCheck = 1430;
				LastUpgradeCheck = 1430;
				TargetAttributes = {
					98BDEBD629E68BE800F8C854 = {
						CreatedOnToolsVersion = 14.3;
					};
				};
			};
			buildConfigurationList = 98BDEBD229E68BE800F8C854 /* Build configuration list for PBXProject "ar_memory_leak_test" */;
			compatibilityVersion = "Xcode 14.0";
			developmentRegion = en;
			hasScannedForEncodings = 0;
			knownRegions = (
				en,
				Base,
			);
			mainGroup = 98BDEBCE29E68BE800F8C854;
			productRefGroup = 98BDEBD829E68BE800F8C854 /* Products */;
			projectDirPath = "";
			projectRoot = "";
			targets = (
				98BDEBD629E68BE800F8C854 /* ar_memory_leak_test */,
			);
		};
/* End PBXProject section */

/* Begin PBXResourcesBuildPhase section */
		98BDEBD529E68BE800F8C854 /* Resources */ = {
			isa = PBXResourcesBuildPhase;
			buildActionMask = 2147483647;
			files = (
				98BDEBDF29E68BE900F8C854 /* Assets.xcassets in Resources */,
			);
			runOnlyForDeploymentPostprocessing = 0;
		};
/* End PBXResourcesBuildPhase section */

/* Begin PBXSourcesBuildPhase section */
		98BDEBD329E68BE800F8C854 /* Sources */ = {
			isa = PBXSourcesBuildPhase;
			buildActionMask = 2147483647;
			files = (
				98BDEC0629E68C2500F8C854 /* AnchorViewController.swift in Sources */,
				98BDEC0D29E6A4DB00F8C854 /* SwiftUIARCardView.swift in Sources */,
				98BDEBDD29E68BE800F8C854 /* ContentView.swift in Sources */,
				98BDEC0829E68CBF00F8C854 /* AnchorView.swift in Sources */,
				98BDEBDB29E68BE800F8C854 /* ar_memory_leak_testApp.swift in Sources */,
			);
			runOnlyForDeploymentPostprocessing = 0;
		};
/* End PBXSourcesBuildPhase section */

/* Begin XCBuildConfiguration section */
		98BDEBFA29E68BE900F8C854 /* Debug */ = {
			isa = XCBuildConfiguration;
			buildSettings = {
				ALWAYS_SEARCH_USER_PATHS = NO;
				CLANG_ANALYZER_NONNULL = YES;
				CLANG_ANALYZER_NUMBER_OBJECT_CONVERSION = YES_AGGRESSIVE;
				CLANG_CXX_LANGUAGE_STANDARD = "gnu++20";
				CLANG_ENABLE_MODULES = YES;
				CLANG_ENABLE_OBJC_ARC = YES;
				CLANG_ENABLE_OBJC_WEAK = YES;
				CLANG_WARN_BLOCK_CAPTURE_AUTORELEASING = YES;
				CLANG_WARN_BOOL_CONVERSION = YES;
				CLANG_WARN_COMMA = YES;
				CLANG_WARN_CONSTANT_CONVERSION = YES;
				CLANG_WARN_DEPRECATED_OBJC_IMPLEMENTATIONS = YES;
				CLANG_WARN_DIRECT_OBJC_ISA_USAGE = YES_ERROR;
				CLANG_WARN_DOCUMENTATION_COMMENTS = YES;
				CLANG_WARN_EMPTY_BODY = YES;
				CLANG_WARN_ENUM_CONVERSION = YES;
				CLANG_WARN_INFINITE_RECURSION = YES;
				CLANG_WARN_INT_CONVERSION = YES;
				CLANG_WARN_NON_LITERAL_NULL_CONVERSION = YES;
				CLANG_WARN_OBJC_IMPLICIT_RETAIN_SELF = YES;
				CLANG_WARN_OBJC_LITERAL_CONVERSION = YES;
				CLANG_WARN_OBJC_ROOT_CLASS = YES_ERROR;
				CLANG_WARN_QUOTED_INCLUDE_IN_FRAMEWORK_HEADER = YES;
				CLANG_WARN_RANGE_LOOP_ANALYSIS = YES;
				CLANG_WARN_STRICT_PROTOTYPES = YES;
				CLANG_WARN_SUSPICIOUS_MOVE = YES;
				CLANG_WARN_UNGUARDED_AVAILABILITY = YES_AGGRESSIVE;
				CLANG_WARN_UNREACHABLE_CODE = YES;
				CLANG_WARN__DUPLICATE_METHOD_MATCH = YES;
				COPY_PHASE_STRIP = NO;
				DEBUG_INFORMATION_FORMAT = dwarf;
				ENABLE_STRICT_OBJC_MSGSEND = YES;
				ENABLE_TESTABILITY = YES;
				GCC_C_LANGUAGE_STANDARD = gnu11;
				GCC_DYNAMIC_NO_PIC = NO;
				GCC_NO_COMMON_BLOCKS = YES;
				GCC_OPTIMIZATION_LEVEL = 0;
				GCC_PREPROCESSOR_DEFINITIONS = (
					"DEBUG=1",
					"$(inherited)",
				);
				GCC_WARN_64_TO_32_BIT_CONVERSION = YES;
				GCC_WARN_ABOUT_RETURN_TYPE = YES_ERROR;
				GCC_WARN_UNDECLARED_SELECTOR = YES;
				GCC_WARN_UNINITIALIZED_AUTOS = YES_AGGRESSIVE;
				GCC_WARN_UNUSED_FUNCTION = YES;
				GCC_WARN_UNUSED_VARIABLE = YES;
				MTL_ENABLE_DEBUG_INFO = INCLUDE_SOURCE;
				MTL_FAST_MATH = YES;
				ONLY_ACTIVE_ARCH = YES;
				SWIFT_ACTIVE_COMPILATION_CONDITIONS = DEBUG;
				SWIFT_OPTIMIZATION_LEVEL = "-Onone";
			};
			name = Debug;
		};
		98BDEBFB29E68BE900F8C854 /* Release */ = {
			isa = XCBuildConfiguration;
			buildSettings = {
				ALWAYS_SEARCH_USER_PATHS = NO;
				CLANG_ANALYZER_NONNULL = YES;
				CLANG_ANALYZER_NUMBER_OBJECT_CONVERSION = YES_AGGRESSIVE;
				CLANG_CXX_LANGUAGE_STANDARD = "gnu++20";
				CLANG_ENABLE_MODULES = YES;
				CLANG_ENABLE_OBJC_ARC = YES;
				CLANG_ENABLE_OBJC_WEAK = YES;
				CLANG_WARN_BLOCK_CAPTURE_AUTORELEASING = YES;
				CLANG_WARN_BOOL_CONVERSION = YES;
				CLANG_WARN_COMMA = YES;
				CLANG_WARN_CONSTANT_CONVERSION = YES;
				CLANG_WARN_DEPRECATED_OBJC_IMPLEMENTATIONS = YES;
				CLANG_WARN_DIRECT_OBJC_ISA_USAGE = YES_ERROR;
				CLANG_WARN_DOCUMENTATION_COMMENTS = YES;
				CLANG_WARN_EMPTY_BODY = YES;
				CLANG_WARN_ENUM_CONVERSION = YES;
				CLANG_WARN_INFINITE_RECURSION = YES;
				CLANG_WARN_INT_CONVERSION = YES;
				CLANG_WARN_NON_LITERAL_NULL_CONVERSION = YES;
				CLANG_WARN_OBJC_IMPLICIT_RETAIN_SELF = YES;
				CLANG_WARN_OBJC_LITERAL_CONVERSION = YES;
				CLANG_WARN_OBJC_ROOT_CLASS = YES_ERROR;
				CLANG_WARN_QUOTED_INCLUDE_IN_FRAMEWORK_HEADER = YES;
				CLANG_WARN_RANGE_LOOP_ANALYSIS = YES;
				CLANG_WARN_STRICT_PROTOTYPES = YES;
				CLANG_WARN_SUSPICIOUS_MOVE = YES;
				CLANG_WARN_UNGUARDED_AVAILABILITY = YES_AGGRESSIVE;
				CLANG_WARN_UNREACHABLE_CODE = YES;
				CLANG_WARN__DUPLICATE_METHOD_MATCH = YES;
				COPY_PHASE_STRIP = NO;
				DEBUG_INFORMATION_FORMAT = "dwarf-with-dsym";
				ENABLE_NS_ASSERTIONS = NO;
				ENABLE_STRICT_OBJC_MSGSEND = YES;
				GCC_C_LANGUAGE_STANDARD = gnu11;
				GCC_NO_COMMON_BLOCKS = YES;
				GCC_WARN_64_TO_32_BIT_CONVERSION = YES;
				GCC_WARN_ABOUT_RETURN_TYPE = YES_ERROR;
				GCC_WARN_UNDECLARED_SELECTOR = YES;
				GCC_WARN_UNINITIALIZED_AUTOS = YES_AGGRESSIVE;
				GCC_WARN_UNUSED_FUNCTION = YES;
				GCC_WARN_UNUSED_VARIABLE = YES;
				MTL_ENABLE_DEBUG_INFO = NO;
				MTL_FAST_MATH = YES;
				SWIFT_COMPILATION_MODE = wholemodule;
				SWIFT_OPTIMIZATION_LEVEL = "-O";
			};
			name = Release;
		};
		98BDEBFD29E68BE900F8C854 /* Debug */ = {
			isa = XCBuildConfiguration;
			buildSettings = {
				ASSETCATALOG_COMPILER_APPICON_NAME = AppIcon;
				ASSETCATALOG_COMPILER_GLOBAL_ACCENT_COLOR_NAME = AccentColor;
				CODE_SIGN_ENTITLEMENTS = ar_memory_leak_test/ar_memory_leak_test.entitlements;
				CODE_SIGN_STYLE = Automatic;
				CURRENT_PROJECT_VERSION = 1;
				DEVELOPMENT_ASSET_PATHS = "\"ar_memory_leak_test/Preview Content\"";
				DEVELOPMENT_TEAM = T6W48A7MB9;
				ENABLE_PREVIEWS = YES;
				GENERATE_INFOPLIST_FILE = YES;
				INFOPLIST_FILE = "ar-memory-leak-test-Info.plist";
				INFOPLIST_KEY_NSCameraUsageDescription = "Pretty please";
				"INFOPLIST_KEY_UIApplicationSceneManifest_Generation[sdk=iphoneos*]" = YES;
				"INFOPLIST_KEY_UIApplicationSceneManifest_Generation[sdk=iphonesimulator*]" = YES;
				"INFOPLIST_KEY_UIApplicationSupportsIndirectInputEvents[sdk=iphoneos*]" = YES;
				"INFOPLIST_KEY_UIApplicationSupportsIndirectInputEvents[sdk=iphonesimulator*]" = YES;
				"INFOPLIST_KEY_UILaunchScreen_Generation[sdk=iphoneos*]" = YES;
				"INFOPLIST_KEY_UILaunchScreen_Generation[sdk=iphonesimulator*]" = YES;
				"INFOPLIST_KEY_UIStatusBarStyle[sdk=iphoneos*]" = UIStatusBarStyleDefault;
				"INFOPLIST_KEY_UIStatusBarStyle[sdk=iphonesimulator*]" = UIStatusBarStyleDefault;
				INFOPLIST_KEY_UISupportedInterfaceOrientations_iPad = "UIInterfaceOrientationPortrait UIInterfaceOrientationPortraitUpsideDown UIInterfaceOrientationLandscapeLeft UIInterfaceOrientationLandscapeRight";
				INFOPLIST_KEY_UISupportedInterfaceOrientations_iPhone = "UIInterfaceOrientationPortrait UIInterfaceOrientationLandscapeLeft UIInterfaceOrientationLandscapeRight";
				IPHONEOS_DEPLOYMENT_TARGET = 16.4;
				LD_RUNPATH_SEARCH_PATHS = "@executable_path/Frameworks";
				"LD_RUNPATH_SEARCH_PATHS[sdk=macosx*]" = "@executable_path/../Frameworks";
				MACOSX_DEPLOYMENT_TARGET = 13.1;
				MARKETING_VERSION = 1.0;
				PRODUCT_BUNDLE_IDENTIFIER = "com.xentara.ar-memory-leak-test";
				PRODUCT_NAME = "$(TARGET_NAME)";
				SDKROOT = auto;
				SUPPORTED_PLATFORMS = "iphoneos iphonesimulator";
				SUPPORTS_MACCATALYST = NO;
				SUPPORTS_MAC_DESIGNED_FOR_IPHONE_IPAD = NO;
				SWIFT_EMIT_LOC_STRINGS = YES;
				SWIFT_VERSION = 5.0;
				TARGETED_DEVICE_FAMILY = "1,2";
			};
			name = Debug;
		};
		98BDEBFE29E68BE900F8C854 /* Release */ = {
			isa = XCBuildConfiguration;
			buildSettings = {
				ASSETCATALOG_COMPILER_APPICON_NAME = AppIcon;
				ASSETCATALOG_COMPILER_GLOBAL_ACCENT_COLOR_NAME = AccentColor;
				CODE_SIGN_ENTITLEMENTS = ar_memory_leak_test/ar_memory_leak_test.entitlements;
				CODE_SIGN_STYLE = Automatic;
				CURRENT_PROJECT_VERSION = 1;
				DEVELOPMENT_ASSET_PATHS = "\"ar_memory_leak_test/Preview Content\"";
				DEVELOPMENT_TEAM = T6W48A7MB9;
				ENABLE_PREVIEWS = YES;
				GENERATE_INFOPLIST_FILE = YES;
				INFOPLIST_FILE = "ar-memory-leak-test-Info.plist";
				INFOPLIST_KEY_NSCameraUsageDescription = "Pretty please";
				"INFOPLIST_KEY_UIApplicationSceneManifest_Generation[sdk=iphoneos*]" = YES;
				"INFOPLIST_KEY_UIApplicationSceneManifest_Generation[sdk=iphonesimulator*]" = YES;
				"INFOPLIST_KEY_UIApplicationSupportsIndirectInputEvents[sdk=iphoneos*]" = YES;
				"INFOPLIST_KEY_UIApplicationSupportsIndirectInputEvents[sdk=iphonesimulator*]" = YES;
				"INFOPLIST_KEY_UILaunchScreen_Generation[sdk=iphoneos*]" = YES;
				"INFOPLIST_KEY_UILaunchScreen_Generation[sdk=iphonesimulator*]" = YES;
				"INFOPLIST_KEY_UIStatusBarStyle[sdk=iphoneos*]" = UIStatusBarStyleDefault;
				"INFOPLIST_KEY_UIStatusBarStyle[sdk=iphonesimulator*]" = UIStatusBarStyleDefault;
				INFOPLIST_KEY_UISupportedInterfaceOrientations_iPad = "UIInterfaceOrientationPortrait UIInterfaceOrientationPortraitUpsideDown UIInterfaceOrientationLandscapeLeft UIInterfaceOrientationLandscapeRight";
				INFOPLIST_KEY_UISupportedInterfaceOrientations_iPhone = "UIInterfaceOrientationPortrait UIInterfaceOrientationLandscapeLeft UIInterfaceOrientationLandscapeRight";
				IPHONEOS_DEPLOYMENT_TARGET = 16.4;
				LD_RUNPATH_SEARCH_PATHS = "@executable_path/Frameworks";
				"LD_RUNPATH_SEARCH_PATHS[sdk=macosx*]" = "@executable_path/../Frameworks";
				MACOSX_DEPLOYMENT_TARGET = 13.1;
				MARKETING_VERSION = 1.0;
				PRODUCT_BUNDLE_IDENTIFIER = "com.xentara.ar-memory-leak-test";
				PRODUCT_NAME = "$(TARGET_NAME)";
				SDKROOT = auto;
				SUPPORTED_PLATFORMS = "iphoneos iphonesimulator";
				SUPPORTS_MACCATALYST = NO;
				SUPPORTS_MAC_DESIGNED_FOR_IPHONE_IPAD = NO;
				SWIFT_EMIT_LOC_STRINGS = YES;
				SWIFT_VERSION = 5.0;
				TARGETED_DEVICE_FAMILY = "1,2";
			};
			name = Release;
		};
/* End XCBuildConfiguration section */

/* Begin XCConfigurationList section */
		98BDEBD229E68BE800F8C854 /* Build configuration list for PBXProject "ar_memory_leak_test" */ = {
			isa = XCConfigurationList;
			buildConfigurations = (
				98BDEBFA29E68BE900F8C854 /* Debug */,
				98BDEBFB29E68BE900F8C854 /* Release */,
			);
			defaultConfigurationIsVisible = 0;
			defaultConfigurationName = Release;
		};
		98BDEBFC29E68BE900F8C854 /* Build configuration list for PBXNativeTarget "ar_memory_leak_test" */ = {
			isa = XCConfigurationList;
			buildConfigurations = (
				98BDEBFD29E68BE900F8C854 /* Debug */,
				98BDEBFE29E68BE900F8C854 /* Release */,
			);
			defaultConfigurationIsVisible = 0;
			defaultConfigurationName = Release;
		};
/* End XCConfigurationList section */
	};
	rootObject = 98BDEBCF29E68BE800F8C854 /* Project object */;
}
